
Microsoft Visual Studio Solution File, Format Version 10.00
# Visual Studio 2008
Project("{8BC9CEB8-8B4A-11D0-8D11-00A0C91BC942}") = "simba3d_gradient", "simba3d.vcproj", "{E6D4711B-040A-45C2-9C80-9C98DF8814FA}"
EndProject
Project("{8BC9CEB8-8B4A-11D0-8D11-00A0C91BC942}") = "test_simba_pthreads", "..\test_simba_pthreads\test_simba_pthreads.vcproj", "{BBA099C2-58E9-4562-82FF-7A2BE3CA72A0}"
EndProject
Global
	GlobalSection(SolutionConfigurationPlatforms) = preSolution
		Debug|Win32 = Debug|Win32
		Debug|x64 = Debug|x64
		Release|Win32 = Release|Win32
		Release|x64 = Release|x64
	EndGlobalSection
	GlobalSection(ProjectConfigurationPlatforms) = postSolution
		{E6D4711B-040A-45C2-9C80-9C98DF8814FA}.Debug|Win32.ActiveCfg = Debug|Win32
		{E6D4711B-040A-45C2-9C80-9C98DF8814FA}.Debug|Win32.Build.0 = Debug|Win32
		{E6D4711B-040A-45C2-9C80-9C98DF8814FA}.Debug|x64.ActiveCfg = Debug|x64
		{E6D4711B-040A-45C2-9C80-9C98DF8814FA}.Debug|x64.Build.0 = Debug|x64
		{E6D4711B-040A-45C2-9C80-9C98DF8814FA}.Release|Win32.ActiveCfg = Release|Win32
		{E6D4711B-040A-45C2-9C80-9C98DF8814FA}.Release|Win32.Build.0 = Release|Win32
		{E6D4711B-040A-45C2-9C80-9C98DF8814FA}.Release|x64.ActiveCfg = Release|x64
		{E6D4711B-040A-45C2-9C80-9C98DF8814FA}.Release|x64.Build.0 = Release|x64
		{BBA099C2-58E9-4562-82FF-7A2BE3CA72A0}.Debug|Win32.ActiveCfg = Debug|Win32
		{BBA099C2-58E9-4562-82FF-7A2BE3CA72A0}.Debug|Win32.Build.0 = Debug|Win32
		{BBA099C2-58E9-4562-82FF-7A2BE3CA72A0}.Debug|x64.ActiveCfg = Debug|Win32
		{BBA099C2-58E9-4562-82FF-7A2BE3CA72A0}.Release|Win32.ActiveCfg = Release|Win32
		{BBA099C2-58E9-4562-82FF-7A2BE3CA72A0}.Release|Win32.Build.0 = Release|Win32
		{BBA099C2-58E9-4562-82FF-7A2BE3CA72A0}.Release|x64.ActiveCfg = Release|x64
		{BBA099C2-58E9-4562-82FF-7A2BE3CA72A0}.Release|x64.Build.0 = Release|x64
	EndGlobalSection
	GlobalSection(SolutionProperties) = preSolution
		HideSolutionNode = FALSE
	EndGlobalSection
EndGlobal
